
Microsoft Visual Studio Solution File, Format Version 12.00
# Visual Studio Version 16
VisualStudioVersion = 16.0.30114.105
MinimumVisualStudioVersion = 10.0.40219.1
Project("{FAE04EC0-301F-11D3-BF4B-00C04F79EFBC}") = "Studying", "Studying\Studying.csproj", "{E83DF8B1-7FB6-40DC-8458-D66DCAA93148}"
EndProject
Global
	GlobalSection(SolutionConfigurationPlatforms) = preSolution
		Debug|Any CPU = Debug|Any CPU
		Release|Any CPU = Release|Any CPU
	EndGlobalSection
	GlobalSection(ProjectConfigurationPlatforms) = postSolution
		{E83DF8B1-7FB6-40DC-8458-D66DCAA93148}.Debug|Any CPU.ActiveCfg = Debug|Any CPU
		{E83DF8B1-7FB6-40DC-8458-D66DCAA93148}.Debug|Any CPU.Build.0 = Debug|Any CPU
		{E83DF8B1-7FB6-40DC-8458-D66DCAA93148}.Release|Any CPU.ActiveCfg = Release|Any CPU
		{E83DF8B1-7FB6-40DC-8458-D66DCAA93148}.Release|Any CPU.Build.0 = Release|Any CPU
	EndGlobalSection
	GlobalSection(SolutionProperties) = preSolution
		HideSolutionNode = FALSE
	EndGlobalSection
	GlobalSection(ExtensibilityGlobals) = postSolution
		SolutionGuid = {5429D2DA-A50F-4866-B26D-9E827EAE4A38}
	EndGlobalSection
EndGlobal
